<?xml version="1.0" encoding="utf-8"?>
<Project ToolsVersion="4.0" xmlns:atg="http://atg.xbox.com" xmlns="http://schemas.microsoft.com/developer/msbuild/2003">
  <ItemGroup>
    <Filter Include="Resource Files">
      <UniqueIdentifier>{8e114980-c1a3-4ada-ad7c-83caadf5daeb}</UniqueIdentifier>
      <Extensions>rc;ico;cur;bmp;dlg;rc2;rct;bin;rgs;gif;jpg;jpeg;jpe</Extensions>
    </Filter>
    <Filter Include="DXUT">
      <UniqueIdentifier>{a43c5c25-0e86-4a20-b64a-883785ff74fd}</UniqueIdentifier>
    </Filter>
    <Filter Include="Shaders">
      <UniqueIdentifier>{2c3d4c8c-5d1a-459a-a05a-a4e4b608a44e}</UniqueIdentifier>
      <Extensions>fx;fxh;hlsl</Extensions>
    </Filter>
  </ItemGroup>
  <ItemGroup>
    <None Include="DXUT\Optional\directx.ico">
      <Filter>Resource Files</Filter>
    </None>
    <ClInclude Include="DXUT\Core\DXUT.h">
      <Filter>DXUT</Filter>
    </ClInclude>
    <ClInclude Include="DXUT\Core\DXUTenum.h">
      <Filter>DXUT</Filter>
    </ClInclude>
    <ClInclude Include="DXUT\Core\DXUTmisc.h">
      <Filter>DXUT</Filter>
    </ClInclude>
    <ClCompile Include="DXUT\Core\DXUT.cpp">
      <Filter>DXUT</Filter>
    </ClCompile>
    <ClCompile Include="DXUT\Core\DXUTenum.cpp">
      <Filter>DXUT</Filter>
    </ClCompile>
    <ClCompile Include="DXUT\Core\DXUTmisc.cpp">
      <Filter>DXUT</Filter>
    </ClCompile>
    <ClInclude Include="DXUT\Optional\DXUTcamera.h">
      <Filter>DXUT</Filter>
    </ClInclude>
    <ClInclude Include="DXUT\Optional\DXUTgui.h">
      <Filter>DXUT</Filter>
    </ClInclude>
    <ClInclude Include="DXUT\Optional\DXUTres.h">
      <Filter>DXUT</Filter>
    </ClInclude>
    <ClInclude Include="DXUT\Optional\DXUTsettingsdlg.h">
      <Filter>DXUT</Filter>
    </ClInclude>
    <ClInclude Include="DXUT\Optional\SDKmesh.h">
      <Filter>DXUT</Filter>
    </ClInclude>
    <ClInclude Include="DXUT\Optional\SDKmisc.h">
      <Filter>DXUT</Filter>
    </ClInclude>
    <ClCompile Include="DXUT\Optional\DXUTcamera.cpp">
      <Filter>DXUT</Filter>
    </ClCompile>
    <ClCompile Include="DXUT\Optional\DXUTgui.cpp">
      <Filter>DXUT</Filter>
    </ClCompile>
    <ClCompile Include="DXUT\Optional\DXUTres.cpp">
      <Filter>DXUT</Filter>
    </ClCompile>
    <ClCompile Include="DXUT\Optional\DXUTsettingsdlg.cpp">
      <Filter>DXUT</Filter>
    </ClCompile>
    <ClCompile Include="DXUT\Optional\SDKmesh.cpp">
      <Filter>DXUT</Filter>
    </ClCompile>
    <ClCompile Include="DXUT\Optional\SDKmisc.cpp">
      <Filter>DXUT</Filter>
    </ClCompile>
  </ItemGroup>
  <ItemGroup>
    <ClCompile Include="SimpleSample.cpp" />
    <ClCompile Include="cMainGame.cpp" />
    <ClCompile Include="cCube.cpp" />
    <ClCompile Include="cGrid.cpp" />
    <ClCompile Include="cPyramid.cpp" />
    <ClCompile Include="cCharController.cpp" />
    <ClCompile Include="cCamera.cpp" />
    <ClCompile Include="cObjLoader.cpp" />
    <ClCompile Include="cMtlTex.cpp" />
    <ClCompile Include="cTextureManager.cpp" />
    <ClCompile Include="cGroup.cpp" />
    <ClCompile Include="cObject.cpp" />
    <ClCompile Include="cCharacter.cpp" />
    <ClCompile Include="cGameObject.cpp" />
    <ClCompile Include="cAction.cpp" />
    <ClCompile Include="cActionMove.cpp" />
    <ClCompile Include="cActionSeq.cpp" />
    <ClCompile Include="cActionRepeat.cpp" />
    <ClCompile Include="cAseLoader.cpp" />
    <ClCompile Include="cFrame.cpp" />
    <ClCompile Include="cHeightMap.cpp" />
    <ClCompile Include="cFrustum.cpp" />
    <ClCompile Include="cRay.cpp" />
  </ItemGroup>
  <ItemGroup>
    <None Include="SimpleSample.fx">
      <Filter>Shaders</Filter>
    </None>
  </ItemGroup>
  <ItemGroup>
    <CLInclude Include="resource.h">
      <Filter>Resource Files</Filter>
    </CLInclude>
    <ResourceCompile Include="SimpleSample.rc">
      <Filter>Resource Files</Filter>
    </ResourceCompile>
    <ClInclude Include="cMainGame.h" />
    <ClInclude Include="cCube.h" />
    <ClInclude Include="cGrid.h" />
    <ClInclude Include="cPyramid.h" />
    <ClInclude Include="cCharController.h" />
    <ClInclude Include="cCamera.h" />
    <ClInclude Include="cObjLoader.h" />
    <ClInclude Include="cMtlTex.h" />
    <ClInclude Include="cTextureManager.h" />
    <ClInclude Include="cGroup.h" />
    <ClInclude Include="cObject.h" />
    <ClInclude Include="cCharacter.h" />
    <ClInclude Include="cGameObject.h" />
    <ClInclude Include="cAction.h" />
    <ClInclude Include="cActionMove.h" />
    <ClInclude Include="cActionSeq.h" />
    <ClInclude Include="cActionRepeat.h" />
    <ClInclude Include="cAseLoader.h" />
    <ClInclude Include="cFrame.h" />
    <ClInclude Include="cHeightMap.h" />
    <ClInclude Include="cFrustum.h" />
    <ClInclude Include="cRay.h" />
  </ItemGroup>
  <ItemGroup>
    <FxCompile Include="shader.fx">
      <Filter>Shaders</Filter>
    </FxCompile>
  </ItemGroup>
</Project>